
Microsoft Visual Studio Solution File, Format Version 12.00
# Visual Studio Version 16
VisualStudioVersion = 16.0.32106.194
MinimumVisualStudioVersion = 10.0.40219.1
Project("{FAE04EC0-301F-11D3-BF4B-00C04F79EFBC}") = "WebAPI", "WebAPI\WebAPI.csproj", "{C937A549-D0D1-41E6-A5FB-7A254F25FD90}"
EndProject
Global
	GlobalSection(SolutionConfigurationPlatforms) = preSolution
		Debug|Any CPU = Debug|Any CPU
		Release|Any CPU = Release|Any CPU
	EndGlobalSection
	GlobalSection(ProjectConfigurationPlatforms) = postSolution
		{C937A549-D0D1-41E6-A5FB-7A254F25FD90}.Debug|Any CPU.ActiveCfg = Debug|Any CPU
		{C937A549-D0D1-41E6-A5FB-7A254F25FD90}.Debug|Any CPU.Build.0 = Debug|Any CPU
		{C937A549-D0D1-41E6-A5FB-7A254F25FD90}.Release|Any CPU.ActiveCfg = Release|Any CPU
		{C937A549-D0D1-41E6-A5FB-7A254F25FD90}.Release|Any CPU.Build.0 = Release|Any CPU
	EndGlobalSection
	GlobalSection(SolutionProperties) = preSolution
		HideSolutionNode = FALSE
	EndGlobalSection
	GlobalSection(ExtensibilityGlobals) = postSolution
		SolutionGuid = {79951A70-EE14-4DEA-B2CD-AF4C34833051}
	EndGlobalSection
EndGlobal
